// !$*UTF8*$!
{
	archiveVersion = 1;
	classes = {
	};
	objectVersion = 46;
	objects = {

/* Begin PBXBuildFile section */
		B92EB2291D08101600B3D137 /* NoteUtils.swift in Sources */ = {isa = PBXBuildFile; fileRef = B92EB2281D08101600B3D137 /* NoteUtils.swift */; };
		B95A69ED1D07C0A6002D3D4C /* treble1.png in Resources */ = {isa = PBXBuildFile; fileRef = B95A69EC1D07C0A6002D3D4C /* treble1.png */; };
		B95A69EF1D07CB30002D3D4C /* bass.png in Resources */ = {isa = PBXBuildFile; fileRef = B95A69EE1D07CB30002D3D4C /* bass.png */; };
		B95A69F11D07EFFB002D3D4C /* StaveExpression.swift in Sources */ = {isa = PBXBuildFile; fileRef = B95A69F01D07EFFB002D3D4C /* StaveExpression.swift */; };
		B9AC8B951D066E59005FC197 /* AppDelegate.swift in Sources */ = {isa = PBXBuildFile; fileRef = B9AC8B941D066E59005FC197 /* AppDelegate.swift */; };
		B9AC8B971D066E59005FC197 /* PianoFunnyViewController.swift in Sources */ = {isa = PBXBuildFile; fileRef = B9AC8B961D066E59005FC197 /* PianoFunnyViewController.swift */; };
		B9AC8B9A1D066E59005FC197 /* Main.storyboard in Resources */ = {isa = PBXBuildFile; fileRef = B9AC8B981D066E59005FC197 /* Main.storyboard */; };
		B9AC8B9C1D066E59005FC197 /* Assets.xcassets in Resources */ = {isa = PBXBuildFile; fileRef = B9AC8B9B1D066E59005FC197 /* Assets.xcassets */; };
		B9AC8B9F1D066E59005FC197 /* LaunchScreen.storyboard in Resources */ = {isa = PBXBuildFile; fileRef = B9AC8B9D1D066E59005FC197 /* LaunchScreen.storyboard */; };
		B9AC8BAA1D066E5A005FC197 /* MusicFunnyTests.swift in Sources */ = {isa = PBXBuildFile; fileRef = B9AC8BA91D066E5A005FC197 /* MusicFunnyTests.swift */; };
		B9AC8BB51D066E5A005FC197 /* MusicFunnyUITests.swift in Sources */ = {isa = PBXBuildFile; fileRef = B9AC8BB41D066E5A005FC197 /* MusicFunnyUITests.swift */; };
		B9AC8BC31D068D8B005FC197 /* ExaminationViewController.swift in Sources */ = {isa = PBXBuildFile; fileRef = B9AC8BC21D068D8B005FC197 /* ExaminationViewController.swift */; };
		B9AC8BC51D069410005FC197 /* Images.xcassets in Resources */ = {isa = PBXBuildFile; fileRef = B9AC8BC41D069410005FC197 /* Images.xcassets */; };
		B9AC8BC71D06A904005FC197 /* CourseViewController.swift in Sources */ = {isa = PBXBuildFile; fileRef = B9AC8BC61D06A904005FC197 /* CourseViewController.swift */; };
		B9AC8C051D06C796005FC197 /* treble-clef.png in Resources */ = {isa = PBXBuildFile; fileRef = B9AC8C041D06C796005FC197 /* treble-clef.png */; };
		B9AC8C091D06CCDF005FC197 /* StaveView.swift in Sources */ = {isa = PBXBuildFile; fileRef = B9AC8C081D06CCDF005FC197 /* StaveView.swift */; };
/* End PBXBuildFile section */

/* Begin PBXContainerItemProxy section */
		B9AC8BA61D066E5A005FC197 /* PBXContainerItemProxy */ = {
			isa = PBXContainerItemProxy;
			containerPortal = B9AC8B891D066E59005FC197 /* Project object */;
			proxyType = 1;
			remoteGlobalIDString = B9AC8B901D066E59005FC197;
			remoteInfo = MusicFunny;
		};
		B9AC8BB11D066E5A005FC197 /* PBXContainerItemProxy */ = {
			isa = PBXContainerItemProxy;
			containerPortal = B9AC8B891D066E59005FC197 /* Project object */;
			proxyType = 1;
			remoteGlobalIDString = B9AC8B901D066E59005FC197;
			remoteInfo = MusicFunny;
		};
/* End PBXContainerItemProxy section */

/* Begin PBXFileReference section */
		B92EB2281D08101600B3D137 /* NoteUtils.swift */ = {isa = PBXFileReference; fileEncoding = 4; lastKnownFileType = sourcecode.swift; path = NoteUtils.swift; sourceTree = "<group>"; };
		B95A69EC1D07C0A6002D3D4C /* treble1.png */ = {isa = PBXFileReference; lastKnownFileType = image.png; name = treble1.png; path = ../../../../../Downloads/treble1.png; sourceTree = "<group>"; };
		B95A69EE1D07CB30002D3D4C /* bass.png */ = {isa = PBXFileReference; lastKnownFileType = image.png; name = bass.png; path = ../../../../../Downloads/bass.png; sourceTree = "<group>"; };
		B95A69F01D07EFFB002D3D4C /* StaveExpression.swift */ = {isa = PBXFileReference; fileEncoding = 4; lastKnownFileType = sourcecode.swift; path = StaveExpression.swift; sourceTree = "<group>"; };
		B9AC8B911D066E59005FC197 /* MusicFunny.app */ = {isa = PBXFileReference; explicitFileType = wrapper.application; includeInIndex = 0; path = MusicFunny.app; sourceTree = BUILT_PRODUCTS_DIR; };
		B9AC8B941D066E59005FC197 /* AppDelegate.swift */ = {isa = PBXFileReference; lastKnownFileType = sourcecode.swift; path = AppDelegate.swift; sourceTree = "<group>"; };
		B9AC8B961D066E59005FC197 /* PianoFunnyViewController.swift */ = {isa = PBXFileReference; lastKnownFileType = sourcecode.swift; path = PianoFunnyViewController.swift; sourceTree = "<group>"; };
		B9AC8B991D066E59005FC197 /* Base */ = {isa = PBXFileReference; lastKnownFileType = file.storyboard; name = Base; path = Base.lproj/Main.storyboard; sourceTree = "<group>"; };
		B9AC8B9B1D066E59005FC197 /* Assets.xcassets */ = {isa = PBXFileReference; lastKnownFileType = folder.assetcatalog; path = Assets.xcassets; sourceTree = "<group>"; };
		B9AC8B9E1D066E59005FC197 /* Base */ = {isa = PBXFileReference; lastKnownFileType = file.storyboard; name = Base; path = Base.lproj/LaunchScreen.storyboard; sourceTree = "<group>"; };
		B9AC8BA01D066E59005FC197 /* Info.plist */ = {isa = PBXFileReference; lastKnownFileType = text.plist.xml; path = Info.plist; sourceTree = "<group>"; };
		B9AC8BA51D066E5A005FC197 /* MusicFunnyTests.xctest */ = {isa = PBXFileReference; explicitFileType = wrapper.cfbundle; includeInIndex = 0; path = MusicFunnyTests.xctest; sourceTree = BUILT_PRODUCTS_DIR; };
		B9AC8BA91D066E5A005FC197 /* MusicFunnyTests.swift */ = {isa = PBXFileReference; lastKnownFileType = sourcecode.swift; path = MusicFunnyTests.swift; sourceTree = "<group>"; };
		B9AC8BAB1D066E5A005FC197 /* Info.plist */ = {isa = PBXFileReference; lastKnownFileType = text.plist.xml; path = Info.plist; sourceTree = "<group>"; };
		B9AC8BB01D066E5A005FC197 /* MusicFunnyUITests.xctest */ = {isa = PBXFileReference; explicitFileType = wrapper.cfbundle; includeInIndex = 0; path = MusicFunnyUITests.xctest; sourceTree = BUILT_PRODUCTS_DIR; };
		B9AC8BB41D066E5A005FC197 /* MusicFunnyUITests.swift */ = {isa = PBXFileReference; lastKnownFileType = sourcecode.swift; path = MusicFunnyUITests.swift; sourceTree = "<group>"; };
		B9AC8BB61D066E5A005FC197 /* Info.plist */ = {isa = PBXFileReference; lastKnownFileType = text.plist.xml; path = Info.plist; sourceTree = "<group>"; };
		B9AC8BC21D068D8B005FC197 /* ExaminationViewController.swift */ = {isa = PBXFileReference; fileEncoding = 4; lastKnownFileType = sourcecode.swift; path = ExaminationViewController.swift; sourceTree = "<group>"; };
		B9AC8BC41D069410005FC197 /* Images.xcassets */ = {isa = PBXFileReference; lastKnownFileType = folder.assetcatalog; path = Images.xcassets; sourceTree = "<group>"; };
		B9AC8BC61D06A904005FC197 /* CourseViewController.swift */ = {isa = PBXFileReference; fileEncoding = 4; lastKnownFileType = sourcecode.swift; path = CourseViewController.swift; sourceTree = "<group>"; };
		B9AC8C041D06C796005FC197 /* treble-clef.png */ = {isa = PBXFileReference; lastKnownFileType = image.png; name = "treble-clef.png"; path = "../../../../../Downloads/treble-clef.png"; sourceTree = "<group>"; };
		B9AC8C081D06CCDF005FC197 /* StaveView.swift */ = {isa = PBXFileReference; fileEncoding = 4; lastKnownFileType = sourcecode.swift; path = StaveView.swift; sourceTree = "<group>"; };
/* End PBXFileReference section */

/* Begin PBXFrameworksBuildPhase section */
		B9AC8B8E1D066E59005FC197 /* Frameworks */ = {
			isa = PBXFrameworksBuildPhase;
			buildActionMask = 2147483647;
			files = (
			);
			runOnlyForDeploymentPostprocessing = 0;
		};
		B9AC8BA21D066E5A005FC197 /* Frameworks */ = {
			isa = PBXFrameworksBuildPhase;
			buildActionMask = 2147483647;
			files = (
			);
			runOnlyForDeploymentPostprocessing = 0;
		};
		B9AC8BAD1D066E5A005FC197 /* Frameworks */ = {
			isa = PBXFrameworksBuildPhase;
			buildActionMask = 2147483647;
			files = (
			);
			runOnlyForDeploymentPostprocessing = 0;
		};
/* End PBXFrameworksBuildPhase section */

/* Begin PBXGroup section */
		B9AC8B881D066E59005FC197 = {
			isa = PBXGroup;
			children = (
				B9AC8B931D066E59005FC197 /* MusicFunny */,
				B9AC8BA81D066E5A005FC197 /* MusicFunnyTests */,
				B9AC8BB31D066E5A005FC197 /* MusicFunnyUITests */,
				B9AC8B921D066E59005FC197 /* Products */,
			);
			sourceTree = "<group>";
		};
		B9AC8B921D066E59005FC197 /* Products */ = {
			isa = PBXGroup;
			children = (
				B9AC8B911D066E59005FC197 /* MusicFunny.app */,
				B9AC8BA51D066E5A005FC197 /* MusicFunnyTests.xctest */,
				B9AC8BB01D066E5A005FC197 /* MusicFunnyUITests.xctest */,
			);
			name = Products;
			sourceTree = "<group>";
		};
		B9AC8B931D066E59005FC197 /* MusicFunny */ = {
			isa = PBXGroup;
			children = (
				B9AC8B941D066E59005FC197 /* AppDelegate.swift */,
				B9AC8B961D066E59005FC197 /* PianoFunnyViewController.swift */,
				B9AC8B981D066E59005FC197 /* Main.storyboard */,
				B9AC8B9B1D066E59005FC197 /* Assets.xcassets */,
				B9AC8C041D06C796005FC197 /* treble-clef.png */,
				B9AC8B9D1D066E59005FC197 /* LaunchScreen.storyboard */,
				B9AC8BA01D066E59005FC197 /* Info.plist */,
				B95A69EC1D07C0A6002D3D4C /* treble1.png */,
				B95A69EE1D07CB30002D3D4C /* bass.png */,
				B9AC8BC21D068D8B005FC197 /* ExaminationViewController.swift */,
				B9AC8BC41D069410005FC197 /* Images.xcassets */,
				B9AC8BC61D06A904005FC197 /* CourseViewController.swift */,
				B9AC8C081D06CCDF005FC197 /* StaveView.swift */,
				B95A69F01D07EFFB002D3D4C /* StaveExpression.swift */,
				B92EB2281D08101600B3D137 /* NoteUtils.swift */,
			);
			path = MusicFunny;
			sourceTree = "<group>";
		};
		B9AC8BA81D066E5A005FC197 /* MusicFunnyTests */ = {
			isa = PBXGroup;
			children = (
				B9AC8BA91D066E5A005FC197 /* MusicFunnyTests.swift */,
				B9AC8BAB1D066E5A005FC197 /* Info.plist */,
			);
			path = MusicFunnyTests;
			sourceTree = "<group>";
		};
		B9AC8BB31D066E5A005FC197 /* MusicFunnyUITests */ = {
			isa = PBXGroup;
			children = (
				B9AC8BB41D066E5A005FC197 /* MusicFunnyUITests.swift */,
				B9AC8BB61D066E5A005FC197 /* Info.plist */,
			);
			path = MusicFunnyUITests;
			sourceTree = "<group>";
		};
/* End PBXGroup section */

/* Begin PBXNativeTarget section */
		B9AC8B901D066E59005FC197 /* MusicFunny */ = {
			isa = PBXNativeTarget;
			buildConfigurationList = B9AC8BB91D066E5A005FC197 /* Build configuration list for PBXNativeTarget "MusicFunny" */;
			buildPhases = (
				B9AC8B8D1D066E59005FC197 /* Sources */,
				B9AC8B8E1D066E59005FC197 /* Frameworks */,
				B9AC8B8F1D066E59005FC197 /* Resources */,
			);
			buildRules = (
			);
			dependencies = (
			);
			name = MusicFunny;
			productName = MusicFunny;
			productReference = B9AC8B911D066E59005FC197 /* MusicFunny.app */;
			productType = "com.apple.product-type.application";
		};
		B9AC8BA41D066E5A005FC197 /* MusicFunnyTests */ = {
			isa = PBXNativeTarget;
			buildConfigurationList = B9AC8BBC1D066E5A005FC197 /* Build configuration list for PBXNativeTarget "MusicFunnyTests" */;
			buildPhases = (
				B9AC8BA11D066E5A005FC197 /* Sources */,
				B9AC8BA21D066E5A005FC197 /* Frameworks */,
				B9AC8BA31D066E5A005FC197 /* Resources */,
			);
			buildRules = (
			);
			dependencies = (
				B9AC8BA71D066E5A005FC197 /* PBXTargetDependency */,
			);
			name = MusicFunnyTests;
			productName = MusicFunnyTests;
			productReference = B9AC8BA51D066E5A005FC197 /* MusicFunnyTests.xctest */;
			productType = "com.apple.product-type.bundle.unit-test";
		};
		B9AC8BAF1D066E5A005FC197 /* MusicFunnyUITests */ = {
			isa = PBXNativeTarget;
			buildConfigurationList = B9AC8BBF1D066E5A005FC197 /* Build configuration list for PBXNativeTarget "MusicFunnyUITests" */;
			buildPhases = (
				B9AC8BAC1D066E5A005FC197 /* Sources */,
				B9AC8BAD1D066E5A005FC197 /* Frameworks */,
				B9AC8BAE1D066E5A005FC197 /* Resources */,
			);
			buildRules = (
			);
			dependencies = (
				B9AC8BB21D066E5A005FC197 /* PBXTargetDependency */,
			);
			name = MusicFunnyUITests;
			productName = MusicFunnyUITests;
			productReference = B9AC8BB01D066E5A005FC197 /* MusicFunnyUITests.xctest */;
			productType = "com.apple.product-type.bundle.ui-testing";
		};
/* End PBXNativeTarget section */

/* Begin PBXProject section */
		B9AC8B891D066E59005FC197 /* Project object */ = {
			isa = PBXProject;
			attributes = {
				LastSwiftUpdateCheck = 0730;
				LastUpgradeCheck = 0730;
				ORGANIZATIONNAME = leelei;
				TargetAttributes = {
					B9AC8B901D066E59005FC197 = {
						CreatedOnToolsVersion = 7.3.1;
					};
					B9AC8BA41D066E5A005FC197 = {
						CreatedOnToolsVersion = 7.3.1;
						TestTargetID = B9AC8B901D066E59005FC197;
					};
					B9AC8BAF1D066E5A005FC197 = {
						CreatedOnToolsVersion = 7.3.1;
						TestTargetID = B9AC8B901D066E59005FC197;
					};
				};
			};
			buildConfigurationList = B9AC8B8C1D066E59005FC197 /* Build configuration list for PBXProject "MusicFunny" */;
			compatibilityVersion = "Xcode 3.2";
			developmentRegion = English;
			hasScannedForEncodings = 0;
			knownRegions = (
				en,
				Base,
			);
			mainGroup = B9AC8B881D066E59005FC197;
			productRefGroup = B9AC8B921D066E59005FC197 /* Products */;
			projectDirPath = "";
			projectRoot = "";
			targets = (
				B9AC8B901D066E59005FC197 /* MusicFunny */,
				B9AC8BA41D066E5A005FC197 /* MusicFunnyTests */,
				B9AC8BAF1D066E5A005FC197 /* MusicFunnyUITests */,
			);
		};
/* End PBXProject section */

/* Begin PBXResourcesBuildPhase section */
		B9AC8B8F1D066E59005FC197 /* Resources */ = {
			isa = PBXResourcesBuildPhase;
			buildActionMask = 2147483647;
			files = (
				B9AC8B9F1D066E59005FC197 /* LaunchScreen.storyboard in Resources */,
				B95A69ED1D07C0A6002D3D4C /* treble1.png in Resources */,
				B9AC8C051D06C796005FC197 /* treble-clef.png in Resources */,
				B9AC8BC51D069410005FC197 /* Images.xcassets in Resources */,
				B9AC8B9C1D066E59005FC197 /* Assets.xcassets in Resources */,
				B9AC8B9A1D066E59005FC197 /* Main.storyboard in Resources */,
				B95A69EF1D07CB30002D3D4C /* bass.png in Resources */,
			);
			runOnlyForDeploymentPostprocessing = 0;
		};
		B9AC8BA31D066E5A005FC197 /* Resources */ = {
			isa = PBXResourcesBuildPhase;
			buildActionMask = 2147483647;
			files = (
			);
			runOnlyForDeploymentPostprocessing = 0;
		};
		B9AC8BAE1D066E5A005FC197 /* Resources */ = {
			isa = PBXResourcesBuildPhase;
			buildActionMask = 2147483647;
			files = (
			);
			runOnlyForDeploymentPostprocessing = 0;
		};
/* End PBXResourcesBuildPhase section */

/* Begin PBXSourcesBuildPhase section */
		B9AC8B8D1D066E59005FC197 /* Sources */ = {
			isa = PBXSourcesBuildPhase;
			buildActionMask = 2147483647;
			files = (
				B9AC8C091D06CCDF005FC197 /* StaveView.swift in Sources */,
				B92EB2291D08101600B3D137 /* NoteUtils.swift in Sources */,
				B9AC8BC31D068D8B005FC197 /* ExaminationViewController.swift in Sources */,
				B9AC8BC71D06A904005FC197 /* CourseViewController.swift in Sources */,
				B9AC8B971D066E59005FC197 /* PianoFunnyViewController.swift in Sources */,
				B95A69F11D07EFFB002D3D4C /* StaveExpression.swift in Sources */,
				B9AC8B951D066E59005FC197 /* AppDelegate.swift in Sources */,
			);
			runOnlyForDeploymentPostprocessing = 0;
		};
		B9AC8BA11D066E5A005FC197 /* Sources */ = {
			isa = PBXSourcesBuildPhase;
			buildActionMask = 2147483647;
			files = (
				B9AC8BAA1D066E5A005FC197 /* MusicFunnyTests.swift in Sources */,
			);
			runOnlyForDeploymentPostprocessing = 0;
		};
		B9AC8BAC1D066E5A005FC197 /* Sources */ = {
			isa = PBXSourcesBuildPhase;
			buildActionMask = 2147483647;
			files = (
				B9AC8BB51D066E5A005FC197 /* MusicFunnyUITests.swift in Sources */,
			);
			runOnlyForDeploymentPostprocessing = 0;
		};
/* End PBXSourcesBuildPhase section */

/* Begin PBXTargetDependency section */
		B9AC8BA71D066E5A005FC197 /* PBXTargetDependency */ = {
			isa = PBXTargetDependency;
			target = B9AC8B901D066E59005FC197 /* MusicFunny */;
			targetProxy = B9AC8BA61D066E5A005FC197 /* PBXContainerItemProxy */;
		};
		B9AC8BB21D066E5A005FC197 /* PBXTargetDependency */ = {
			isa = PBXTargetDependency;
			target = B9AC8B901D066E59005FC197 /* MusicFunny */;
			targetProxy = B9AC8BB11D066E5A005FC197 /* PBXContainerItemProxy */;
		};
/* End PBXTargetDependency section */

/* Begin PBXVariantGroup section */
		B9AC8B981D066E59005FC197 /* Main.storyboard */ = {
			isa = PBXVariantGroup;
			children = (
				B9AC8B991D066E59005FC197 /* Base */,
			);
			name = Main.storyboard;
			sourceTree = "<group>";
		};
		B9AC8B9D1D066E59005FC197 /* LaunchScreen.storyboard */ = {
			isa = PBXVariantGroup;
			children = (
				B9AC8B9E1D066E59005FC197 /* Base */,
			);
			name = LaunchScreen.storyboard;
			sourceTree = "<group>";
		};
/* End PBXVariantGroup section */

/* Begin XCBuildConfiguration section */
		B9AC8BB71D066E5A005FC197 /* Debug */ = {
			isa = XCBuildConfiguration;
			buildSettings = {
				ALWAYS_SEARCH_USER_PATHS = NO;
				CLANG_ANALYZER_NONNULL = YES;
				CLANG_CXX_LANGUAGE_STANDARD = "gnu++0x";
				CLANG_CXX_LIBRARY = "libc++";
				CLANG_ENABLE_MODULES = YES;
				CLANG_ENABLE_OBJC_ARC = YES;
				CLANG_WARN_BOOL_CONVERSION = YES;
				CLANG_WARN_CONSTANT_CONVERSION = YES;
				CLANG_WARN_DIRECT_OBJC_ISA_USAGE = YES_ERROR;
				CLANG_WARN_EMPTY_BODY = YES;
				CLANG_WARN_ENUM_CONVERSION = YES;
				CLANG_WARN_INT_CONVERSION = YES;
				CLANG_WARN_OBJC_ROOT_CLASS = YES_ERROR;
				CLANG_WARN_UNREACHABLE_CODE = YES;
				CLANG_WARN__DUPLICATE_METHOD_MATCH = YES;
				"CODE_SIGN_IDENTITY[sdk=iphoneos*]" = "iPhone Developer";
				COPY_PHASE_STRIP = NO;
				DEBUG_INFORMATION_FORMAT = dwarf;
				ENABLE_STRICT_OBJC_MSGSEND = YES;
				ENABLE_TESTABILITY = YES;
				GCC_C_LANGUAGE_STANDARD = gnu99;
				GCC_DYNAMIC_NO_PIC = NO;
				GCC_NO_COMMON_BLOCKS = YES;
				GCC_OPTIMIZATION_LEVEL = 0;
				GCC_PREPROCESSOR_DEFINITIONS = (
					"DEBUG=1",
					"$(inherited)",
				);
				GCC_WARN_64_TO_32_BIT_CONVERSION = YES;
				GCC_WARN_ABOUT_RETURN_TYPE = YES_ERROR;
				GCC_WARN_UNDECLARED_SELECTOR = YES;
				GCC_WARN_UNINITIALIZED_AUTOS = YES_AGGRESSIVE;
				GCC_WARN_UNUSED_FUNCTION = YES;
				GCC_WARN_UNUSED_VARIABLE = YES;
				IPHONEOS_DEPLOYMENT_TARGET = 9.3;
				MTL_ENABLE_DEBUG_INFO = YES;
				ONLY_ACTIVE_ARCH = YES;
				SDKROOT = iphoneos;
				SWIFT_OPTIMIZATION_LEVEL = "-Onone";
				TARGETED_DEVICE_FAMILY = "1,2";
			};
			name = Debug;
		};
		B9AC8BB81D066E5A005FC197 /* Release */ = {
			isa = XCBuildConfiguration;
			buildSettings = {
				ALWAYS_SEARCH_USER_PATHS = NO;
				CLANG_ANALYZER_NONNULL = YES;
				CLANG_CXX_LANGUAGE_STANDARD = "gnu++0x";
				CLANG_CXX_LIBRARY = "libc++";
				CLANG_ENABLE_MODULES = YES;
				CLANG_ENABLE_OBJC_ARC = YES;
				CLANG_WARN_BOOL_CONVERSION = YES;
				CLANG_WARN_CONSTANT_CONVERSION = YES;
				CLANG_WARN_DIRECT_OBJC_ISA_USAGE = YES_ERROR;
				CLANG_WARN_EMPTY_BODY = YES;
				CLANG_WARN_ENUM_CONVERSION = YES;
				CLANG_WARN_INT_CONVERSION = YES;
				CLANG_WARN_OBJC_ROOT_CLASS = YES_ERROR;
				CLANG_WARN_UNREACHABLE_CODE = YES;
				CLANG_WARN__DUPLICATE_METHOD_MATCH = YES;
				"CODE_SIGN_IDENTITY[sdk=iphoneos*]" = "iPhone Developer";
				COPY_PHASE_STRIP = NO;
				DEBUG_INFORMATION_FORMAT = "dwarf-with-dsym";
				ENABLE_NS_ASSERTIONS = NO;
				ENABLE_STRICT_OBJC_MSGSEND = YES;
				GCC_C_LANGUAGE_STANDARD = gnu99;
				GCC_NO_COMMON_BLOCKS = YES;
				GCC_WARN_64_TO_32_BIT_CONVERSION = YES;
				GCC_WARN_ABOUT_RETURN_TYPE = YES_ERROR;
				GCC_WARN_UNDECLARED_SELECTOR = YES;
				GCC_WARN_UNINITIALIZED_AUTOS = YES_AGGRESSIVE;
				GCC_WARN_UNUSED_FUNCTION = YES;
				GCC_WARN_UNUSED_VARIABLE = YES;
				IPHONEOS_DEPLOYMENT_TARGET = 9.3;
				MTL_ENABLE_DEBUG_INFO = NO;
				SDKROOT = iphoneos;
				TARGETED_DEVICE_FAMILY = "1,2";
				VALIDATE_PRODUCT = YES;
			};
			name = Release;
		};
		B9AC8BBA1D066E5A005FC197 /* Debug */ = {
			isa = XCBuildConfiguration;
			buildSettings = {
				ASSETCATALOG_COMPILER_APPICON_NAME = AppIcon;
				INFOPLIST_FILE = MusicFunny/Info.plist;
				LD_RUNPATH_SEARCH_PATHS = "$(inherited) @executable_path/Frameworks";
				PRODUCT_BUNDLE_IDENTIFIER = cn.happy.MusicFunny;
				PRODUCT_NAME = "$(TARGET_NAME)";
			};
			name = Debug;
		};
		B9AC8BBB1D066E5A005FC197 /* Release */ = {
			isa = XCBuildConfiguration;
			buildSettings = {
				ASSETCATALOG_COMPILER_APPICON_NAME = AppIcon;
				INFOPLIST_FILE = MusicFunny/Info.plist;
				LD_RUNPATH_SEARCH_PATHS = "$(inherited) @executable_path/Frameworks";
				PRODUCT_BUNDLE_IDENTIFIER = cn.happy.MusicFunny;
				PRODUCT_NAME = "$(TARGET_NAME)";
			};
			name = Release;
		};
		B9AC8BBD1D066E5A005FC197 /* Debug */ = {
			isa = XCBuildConfiguration;
			buildSettings = {
				BUNDLE_LOADER = "$(TEST_HOST)";
				INFOPLIST_FILE = MusicFunnyTests/Info.plist;
				LD_RUNPATH_SEARCH_PATHS = "$(inherited) @executable_path/Frameworks @loader_path/Frameworks";
				PRODUCT_BUNDLE_IDENTIFIER = cn.happy.MusicFunnyTests;
				PRODUCT_NAME = "$(TARGET_NAME)";
				TEST_HOST = "$(BUILT_PRODUCTS_DIR)/MusicFunny.app/MusicFunny";
			};
			name = Debug;
		};
		B9AC8BBE1D066E5A005FC197 /* Release */ = {
			isa = XCBuildConfiguration;
			buildSettings = {
				BUNDLE_LOADER = "$(TEST_HOST)";
				INFOPLIST_FILE = MusicFunnyTests/Info.plist;
				LD_RUNPATH_SEARCH_PATHS = "$(inherited) @executable_path/Frameworks @loader_path/Frameworks";
				PRODUCT_BUNDLE_IDENTIFIER = cn.happy.MusicFunnyTests;
				PRODUCT_NAME = "$(TARGET_NAME)";
				TEST_HOST = "$(BUILT_PRODUCTS_DIR)/MusicFunny.app/MusicFunny";
			};
			name = Release;
		};
		B9AC8BC01D066E5A005FC197 /* Debug */ = {
			isa = XCBuildConfiguration;
			buildSettings = {
				INFOPLIST_FILE = MusicFunnyUITests/Info.plist;
				LD_RUNPATH_SEARCH_PATHS = "$(inherited) @executable_path/Frameworks @loader_path/Frameworks";
				PRODUCT_BUNDLE_IDENTIFIER = cn.happy.MusicFunnyUITests;
				PRODUCT_NAME = "$(TARGET_NAME)";
				TEST_TARGET_NAME = MusicFunny;
			};
			name = Debug;
		};
		B9AC8BC11D066E5A005FC197 /* Release */ = {
			isa = XCBuildConfiguration;
			buildSettings = {
				INFOPLIST_FILE = MusicFunnyUITests/Info.plist;
				LD_RUNPATH_SEARCH_PATHS = "$(inherited) @executable_path/Frameworks @loader_path/Frameworks";
				PRODUCT_BUNDLE_IDENTIFIER = cn.happy.MusicFunnyUITests;
				PRODUCT_NAME = "$(TARGET_NAME)";
				TEST_TARGET_NAME = MusicFunny;
			};
			name = Release;
		};
/* End XCBuildConfiguration section */

/* Begin XCConfigurationList section */
		B9AC8B8C1D066E59005FC197 /* Build configuration list for PBXProject "MusicFunny" */ = {
			isa = XCConfigurationList;
			buildConfigurations = (
				B9AC8BB71D066E5A005FC197 /* Debug */,
				B9AC8BB81D066E5A005FC197 /* Release */,
			);
			defaultConfigurationIsVisible = 0;
			defaultConfigurationName = Release;
		};
		B9AC8BB91D066E5A005FC197 /* Build configuration list for PBXNativeTarget "MusicFunny" */ = {
			isa = XCConfigurationList;
			buildConfigurations = (
				B9AC8BBA1D066E5A005FC197 /* Debug */,
				B9AC8BBB1D066E5A005FC197 /* Release */,
			);
			defaultConfigurationIsVisible = 0;
			defaultConfigurationName = Release;
		};
		B9AC8BBC1D066E5A005FC197 /* Build configuration list for PBXNativeTarget "MusicFunnyTests" */ = {
			isa = XCConfigurationList;
			buildConfigurations = (
				B9AC8BBD1D066E5A005FC197 /* Debug */,
				B9AC8BBE1D066E5A005FC197 /* Release */,
			);
			defaultConfigurationIsVisible = 0;
			defaultConfigurationName = Release;
		};
		B9AC8BBF1D066E5A005FC197 /* Build configuration list for PBXNativeTarget "MusicFunnyUITests" */ = {
			isa = XCConfigurationList;
			buildConfigurations = (
				B9AC8BC01D066E5A005FC197 /* Debug */,
				B9AC8BC11D066E5A005FC197 /* Release */,
			);
			defaultConfigurationIsVisible = 0;
			defaultConfigurationName = Release;
		};
/* End XCConfigurationList section */
	};
	rootObject = B9AC8B891D066E59005FC197 /* Project object */;
}
